// !$*UTF8*$!
{
	archiveVersion = 1;
	classes = {
	};
	objectVersion = 77;
	objects = {

/* Begin PBXBuildFile section */
		04D0C2DBE77D99C70EB64924 /* Pods_DemoTimelineZalo.framework in Frameworks */ = {isa = PBXBuildFile; fileRef = 4D34AD68EF885618B218E439 /* Pods_DemoTimelineZalo.framework */; };
		311042542E58717400C8E858 /* SampleVideo_1280x720_5mb.mp4 in Resources */ = {isa = PBXBuildFile; fileRef = 311042532E58717400C8E858 /* SampleVideo_1280x720_5mb.mp4 */; };
		312B4AFA2E56C14A00B4BEA3 /* PostDataManager.swift in Sources */ = {isa = PBXBuildFile; fileRef = 312B4AF92E56C14A00B4BEA3 /* PostDataManager.swift */; };
		312B4B002E56C1D800B4BEA3 /* LoadingView.swift in Sources */ = {isa = PBXBuildFile; fileRef = 312B4AFF2E56C1D800B4BEA3 /* LoadingView.swift */; };
		312B4B062E56C2A400B4BEA3 /* BaseViewController.swift in Sources */ = {isa = PBXBuildFile; fileRef = 312B4B052E56C2A400B4BEA3 /* BaseViewController.swift */; };
		312B4B082E56C2AC00B4BEA3 /* BaseViewXIB.swift in Sources */ = {isa = PBXBuildFile; fileRef = 312B4B072E56C2AC00B4BEA3 /* BaseViewXIB.swift */; };
		312B4B102E56C31200B4BEA3 /* AlertHelper.swift in Sources */ = {isa = PBXBuildFile; fileRef = 312B4B0F2E56C31200B4BEA3 /* AlertHelper.swift */; };
		312B4B152E56C4D100B4BEA3 /* Application.swift in Sources */ = {isa = PBXBuildFile; fileRef = 312B4B142E56C4D100B4BEA3 /* Application.swift */; };
		312B4B1B2E56C61600B4BEA3 /* PostListViewController.swift in Sources */ = {isa = PBXBuildFile; fileRef = 312B4B1A2E56C61600B4BEA3 /* PostListViewController.swift */; };
		312B4B1D2E56C62300B4BEA3 /* CreatePostViewController.swift in Sources */ = {isa = PBXBuildFile; fileRef = 312B4B1C2E56C62300B4BEA3 /* CreatePostViewController.swift */; };
		312B4B1F2E56C63000B4BEA3 /* PostDetailViewController.swift in Sources */ = {isa = PBXBuildFile; fileRef = 312B4B1E2E56C63000B4BEA3 /* PostDetailViewController.swift */; };
		312B4B212E56C63900B4BEA3 /* PostSearchViewController.swift in Sources */ = {isa = PBXBuildFile; fileRef = 312B4B202E56C63900B4BEA3 /* PostSearchViewController.swift */; };
		312B4B232E56C66000B4BEA3 /* PostList.storyboard in Resources */ = {isa = PBXBuildFile; fileRef = 312B4B222E56C66000B4BEA3 /* PostList.storyboard */; };
		312B4B252E56C67700B4BEA3 /* CreatePost.storyboard in Resources */ = {isa = PBXBuildFile; fileRef = 312B4B242E56C67700B4BEA3 /* CreatePost.storyboard */; };
		312B4B272E56C68400B4BEA3 /* PostDetail.storyboard in Resources */ = {isa = PBXBuildFile; fileRef = 312B4B262E56C68400B4BEA3 /* PostDetail.storyboard */; };
		312B4B292E56C6B400B4BEA3 /* PostSearch.storyboard in Resources */ = {isa = PBXBuildFile; fileRef = 312B4B282E56C6B400B4BEA3 /* PostSearch.storyboard */; };
		312B4B2D2E56C7D000B4BEA3 /* SplashViewController.xib in Resources */ = {isa = PBXBuildFile; fileRef = 312B4B2C2E56C7D000B4BEA3 /* SplashViewController.xib */; };
		312B4B2E2E56C7D000B4BEA3 /* SplashViewController.swift in Sources */ = {isa = PBXBuildFile; fileRef = 312B4B2B2E56C7D000B4BEA3 /* SplashViewController.swift */; };
		312B4B302E56C8F000B4BEA3 /* UIView+Extensions.swift in Sources */ = {isa = PBXBuildFile; fileRef = 312B4B2F2E56C8F000B4BEA3 /* UIView+Extensions.swift */; };
		312B4B322E56C95000B4BEA3 /* UIColor+Extensions.swift in Sources */ = {isa = PBXBuildFile; fileRef = 312B4B312E56C95000B4BEA3 /* UIColor+Extensions.swift */; };
		312B4B342E56C97C00B4BEA3 /* UIViewController+Extensions.swift in Sources */ = {isa = PBXBuildFile; fileRef = 312B4B332E56C97C00B4BEA3 /* UIViewController+Extensions.swift */; };
		312B4B362E56C9C000B4BEA3 /* UITableView+Extensions.swift in Sources */ = {isa = PBXBuildFile; fileRef = 312B4B352E56C9C000B4BEA3 /* UITableView+Extensions.swift */; };
		312B4B382E56C9E400B4BEA3 /* UICollectionView+Extensions.swift in Sources */ = {isa = PBXBuildFile; fileRef = 312B4B372E56C9E400B4BEA3 /* UICollectionView+Extensions.swift */; };
		312B4B3A2E56CA0700B4BEA3 /* Date+Extensions.swift in Sources */ = {isa = PBXBuildFile; fileRef = 312B4B392E56CA0700B4BEA3 /* Date+Extensions.swift */; };
		312B4B3C2E56CD5200B4BEA3 /* Constants.swift in Sources */ = {isa = PBXBuildFile; fileRef = 312B4B3B2E56CD5200B4BEA3 /* Constants.swift */; };
		3144990F2E5700620037CCAA /* CoreDataManager.swift in Sources */ = {isa = PBXBuildFile; fileRef = 3144990E2E5700620037CCAA /* CoreDataManager.swift */; };
		314499152E5703E90037CCAA /* SFProDisplay-Medium.ttf in Resources */ = {isa = PBXBuildFile; fileRef = 314499122E5703E90037CCAA /* SFProDisplay-Medium.ttf */; };
		314499162E5703E90037CCAA /* SFProDisplay-Regular.ttf in Resources */ = {isa = PBXBuildFile; fileRef = 314499132E5703E90037CCAA /* SFProDisplay-Regular.ttf */; };
		314499172E5703E90037CCAA /* SFProDisplay-Bold.ttf in Resources */ = {isa = PBXBuildFile; fileRef = 314499102E5703E90037CCAA /* SFProDisplay-Bold.ttf */; };
		314499182E5703E90037CCAA /* SFProDisplay-Semibold.ttf in Resources */ = {isa = PBXBuildFile; fileRef = 314499142E5703E90037CCAA /* SFProDisplay-Semibold.ttf */; };
		314499192E5703E90037CCAA /* SFProDisplay-Heavy.ttf in Resources */ = {isa = PBXBuildFile; fileRef = 314499112E5703E90037CCAA /* SFProDisplay-Heavy.ttf */; };
		3144991C2E570AA40037CCAA /* GradientView.swift in Sources */ = {isa = PBXBuildFile; fileRef = 3144991B2E570AA40037CCAA /* GradientView.swift */; };
		319F238A2E580DE8004C691E /* PostImageCollectionViewCell.xib in Resources */ = {isa = PBXBuildFile; fileRef = 319F23892E580DE8004C691E /* PostImageCollectionViewCell.xib */; };
		319F238B2E580DE8004C691E /* PostImageCollectionViewCell.swift in Sources */ = {isa = PBXBuildFile; fileRef = 319F23882E580DE8004C691E /* PostImageCollectionViewCell.swift */; };
		319F238D2E581B03004C691E /* PostImageLayout.swift in Sources */ = {isa = PBXBuildFile; fileRef = 319F238C2E581B03004C691E /* PostImageLayout.swift */; };
		319F238F2E58209B004C691E /* PostTableViewCell.swift in Sources */ = {isa = PBXBuildFile; fileRef = 319F238E2E58209B004C691E /* PostTableViewCell.swift */; };
		319F23922E5824BF004C691E /* PostMediaCollectionViewCell.xib in Resources */ = {isa = PBXBuildFile; fileRef = 319F23912E5824BF004C691E /* PostMediaCollectionViewCell.xib */; };
		319F23932E5824BF004C691E /* PostMediaCollectionViewCell.swift in Sources */ = {isa = PBXBuildFile; fileRef = 319F23902E5824BF004C691E /* PostMediaCollectionViewCell.swift */; };
		319FAF792E571863006012FE /* PostHeaderView.swift in Sources */ = {isa = PBXBuildFile; fileRef = 319FAF782E571863006012FE /* PostHeaderView.swift */; };
		319FAF7B2E571880006012FE /* PostHeaderView.xib in Resources */ = {isa = PBXBuildFile; fileRef = 319FAF7A2E571880006012FE /* PostHeaderView.xib */; };
		319FAF832E571B06006012FE /* PostContentView.swift in Sources */ = {isa = PBXBuildFile; fileRef = 319FAF812E571B06006012FE /* PostContentView.swift */; };
		31D50F192E55A83800E8FBFB /* AppDelegate.swift in Sources */ = {isa = PBXBuildFile; fileRef = 31D50F102E55A83800E8FBFB /* AppDelegate.swift */; };
		31D50F1A2E55A83800E8FBFB /* DemoTimelineZalo.xcdatamodeld in Sources */ = {isa = PBXBuildFile; fileRef = 31D50F122E55A83800E8FBFB /* DemoTimelineZalo.xcdatamodeld */; };
		31D50F1B2E55A83800E8FBFB /* SceneDelegate.swift in Sources */ = {isa = PBXBuildFile; fileRef = 31D50F162E55A83800E8FBFB /* SceneDelegate.swift */; };
		31D50F1C2E55A83800E8FBFB /* Assets.xcassets in Resources */ = {isa = PBXBuildFile; fileRef = 31D50F112E55A83800E8FBFB /* Assets.xcassets */; };
		31D50F1E2E55A83800E8FBFB /* LaunchScreen.storyboard in Resources */ = {isa = PBXBuildFile; fileRef = 31D50F152E55A83800E8FBFB /* LaunchScreen.storyboard */; };
		31DAAAB32E570EA30073D8E4 /* CreatePostTableViewCell.xib in Resources */ = {isa = PBXBuildFile; fileRef = 31DAAAB22E570EA30073D8E4 /* CreatePostTableViewCell.xib */; };
		31DAAAB42E570EA30073D8E4 /* CreatePostTableViewCell.swift in Sources */ = {isa = PBXBuildFile; fileRef = 31DAAAB12E570EA30073D8E4 /* CreatePostTableViewCell.swift */; };
		31DAAAB62E5710100073D8E4 /* AvatarImageView.swift in Sources */ = {isa = PBXBuildFile; fileRef = 31DAAAB52E5710100073D8E4 /* AvatarImageView.swift */; };
/* End PBXBuildFile section */

/* Begin PBXFileReference section */
		311042532E58717400C8E858 /* SampleVideo_1280x720_5mb.mp4 */ = {isa = PBXFileReference; lastKnownFileType = file; path = SampleVideo_1280x720_5mb.mp4; sourceTree = "<group>"; };
		312B4AF92E56C14A00B4BEA3 /* PostDataManager.swift */ = {isa = PBXFileReference; lastKnownFileType = sourcecode.swift; path = PostDataManager.swift; sourceTree = "<group>"; };
		312B4AFF2E56C1D800B4BEA3 /* LoadingView.swift */ = {isa = PBXFileReference; lastKnownFileType = sourcecode.swift; path = LoadingView.swift; sourceTree = "<group>"; };
		312B4B052E56C2A400B4BEA3 /* BaseViewController.swift */ = {isa = PBXFileReference; lastKnownFileType = sourcecode.swift; path = BaseViewController.swift; sourceTree = "<group>"; };
		312B4B072E56C2AC00B4BEA3 /* BaseViewXIB.swift */ = {isa = PBXFileReference; lastKnownFileType = sourcecode.swift; path = BaseViewXIB.swift; sourceTree = "<group>"; };
		312B4B0F2E56C31200B4BEA3 /* AlertHelper.swift */ = {isa = PBXFileReference; lastKnownFileType = sourcecode.swift; path = AlertHelper.swift; sourceTree = "<group>"; };
		312B4B142E56C4D100B4BEA3 /* Application.swift */ = {isa = PBXFileReference; lastKnownFileType = sourcecode.swift; path = Application.swift; sourceTree = "<group>"; };
		312B4B1A2E56C61600B4BEA3 /* PostListViewController.swift */ = {isa = PBXFileReference; lastKnownFileType = sourcecode.swift; path = PostListViewController.swift; sourceTree = "<group>"; };
		312B4B1C2E56C62300B4BEA3 /* CreatePostViewController.swift */ = {isa = PBXFileReference; lastKnownFileType = sourcecode.swift; path = CreatePostViewController.swift; sourceTree = "<group>"; };
		312B4B1E2E56C63000B4BEA3 /* PostDetailViewController.swift */ = {isa = PBXFileReference; lastKnownFileType = sourcecode.swift; path = PostDetailViewController.swift; sourceTree = "<group>"; };
		312B4B202E56C63900B4BEA3 /* PostSearchViewController.swift */ = {isa = PBXFileReference; lastKnownFileType = sourcecode.swift; path = PostSearchViewController.swift; sourceTree = "<group>"; };
		312B4B222E56C66000B4BEA3 /* PostList.storyboard */ = {isa = PBXFileReference; lastKnownFileType = file.storyboard; path = PostList.storyboard; sourceTree = "<group>"; };
		312B4B242E56C67700B4BEA3 /* CreatePost.storyboard */ = {isa = PBXFileReference; lastKnownFileType = file.storyboard; path = CreatePost.storyboard; sourceTree = "<group>"; };
		312B4B262E56C68400B4BEA3 /* PostDetail.storyboard */ = {isa = PBXFileReference; lastKnownFileType = file.storyboard; path = PostDetail.storyboard; sourceTree = "<group>"; };
		312B4B282E56C6B400B4BEA3 /* PostSearch.storyboard */ = {isa = PBXFileReference; lastKnownFileType = file.storyboard; path = PostSearch.storyboard; sourceTree = "<group>"; };
		312B4B2B2E56C7D000B4BEA3 /* SplashViewController.swift */ = {isa = PBXFileReference; lastKnownFileType = sourcecode.swift; path = SplashViewController.swift; sourceTree = "<group>"; };
		312B4B2C2E56C7D000B4BEA3 /* SplashViewController.xib */ = {isa = PBXFileReference; lastKnownFileType = file.xib; path = SplashViewController.xib; sourceTree = "<group>"; };
		312B4B2F2E56C8F000B4BEA3 /* UIView+Extensions.swift */ = {isa = PBXFileReference; lastKnownFileType = sourcecode.swift; path = "UIView+Extensions.swift"; sourceTree = "<group>"; };
		312B4B312E56C95000B4BEA3 /* UIColor+Extensions.swift */ = {isa = PBXFileReference; lastKnownFileType = sourcecode.swift; path = "UIColor+Extensions.swift"; sourceTree = "<group>"; };
		312B4B332E56C97C00B4BEA3 /* UIViewController+Extensions.swift */ = {isa = PBXFileReference; lastKnownFileType = sourcecode.swift; path = "UIViewController+Extensions.swift"; sourceTree = "<group>"; };
		312B4B352E56C9C000B4BEA3 /* UITableView+Extensions.swift */ = {isa = PBXFileReference; lastKnownFileType = sourcecode.swift; path = "UITableView+Extensions.swift"; sourceTree = "<group>"; };
		312B4B372E56C9E400B4BEA3 /* UICollectionView+Extensions.swift */ = {isa = PBXFileReference; lastKnownFileType = sourcecode.swift; path = "UICollectionView+Extensions.swift"; sourceTree = "<group>"; };
		312B4B392E56CA0700B4BEA3 /* Date+Extensions.swift */ = {isa = PBXFileReference; lastKnownFileType = sourcecode.swift; path = "Date+Extensions.swift"; sourceTree = "<group>"; };
		312B4B3B2E56CD5200B4BEA3 /* Constants.swift */ = {isa = PBXFileReference; lastKnownFileType = sourcecode.swift; path = Constants.swift; sourceTree = "<group>"; };
		3144990E2E5700620037CCAA /* CoreDataManager.swift */ = {isa = PBXFileReference; lastKnownFileType = sourcecode.swift; path = CoreDataManager.swift; sourceTree = "<group>"; };
		314499102E5703E90037CCAA /* SFProDisplay-Bold.ttf */ = {isa = PBXFileReference; lastKnownFileType = file; path = "SFProDisplay-Bold.ttf"; sourceTree = "<group>"; };
		314499112E5703E90037CCAA /* SFProDisplay-Heavy.ttf */ = {isa = PBXFileReference; lastKnownFileType = file; path = "SFProDisplay-Heavy.ttf"; sourceTree = "<group>"; };
		314499122E5703E90037CCAA /* SFProDisplay-Medium.ttf */ = {isa = PBXFileReference; lastKnownFileType = file; path = "SFProDisplay-Medium.ttf"; sourceTree = "<group>"; };
		314499132E5703E90037CCAA /* SFProDisplay-Regular.ttf */ = {isa = PBXFileReference; lastKnownFileType = file; path = "SFProDisplay-Regular.ttf"; sourceTree = "<group>"; };
		314499142E5703E90037CCAA /* SFProDisplay-Semibold.ttf */ = {isa = PBXFileReference; lastKnownFileType = file; path = "SFProDisplay-Semibold.ttf"; sourceTree = "<group>"; };
		3144991B2E570AA40037CCAA /* GradientView.swift */ = {isa = PBXFileReference; lastKnownFileType = sourcecode.swift; path = GradientView.swift; sourceTree = "<group>"; };
		319F23882E580DE8004C691E /* PostImageCollectionViewCell.swift */ = {isa = PBXFileReference; lastKnownFileType = sourcecode.swift; path = PostImageCollectionViewCell.swift; sourceTree = "<group>"; };
		319F23892E580DE8004C691E /* PostImageCollectionViewCell.xib */ = {isa = PBXFileReference; lastKnownFileType = file.xib; path = PostImageCollectionViewCell.xib; sourceTree = "<group>"; };
		319F238C2E581B03004C691E /* PostImageLayout.swift */ = {isa = PBXFileReference; lastKnownFileType = sourcecode.swift; path = PostImageLayout.swift; sourceTree = "<group>"; };
		319F238E2E58209B004C691E /* PostTableViewCell.swift */ = {isa = PBXFileReference; lastKnownFileType = sourcecode.swift; path = PostTableViewCell.swift; sourceTree = "<group>"; };
		319F23902E5824BF004C691E /* PostMediaCollectionViewCell.swift */ = {isa = PBXFileReference; lastKnownFileType = sourcecode.swift; path = PostMediaCollectionViewCell.swift; sourceTree = "<group>"; };
		319F23912E5824BF004C691E /* PostMediaCollectionViewCell.xib */ = {isa = PBXFileReference; lastKnownFileType = file.xib; path = PostMediaCollectionViewCell.xib; sourceTree = "<group>"; };
		319FAF782E571863006012FE /* PostHeaderView.swift */ = {isa = PBXFileReference; lastKnownFileType = sourcecode.swift; path = PostHeaderView.swift; sourceTree = "<group>"; };
		319FAF7A2E571880006012FE /* PostHeaderView.xib */ = {isa = PBXFileReference; lastKnownFileType = file.xib; path = PostHeaderView.xib; sourceTree = "<group>"; };
		319FAF812E571B06006012FE /* PostContentView.swift */ = {isa = PBXFileReference; lastKnownFileType = sourcecode.swift; path = PostContentView.swift; sourceTree = "<group>"; };
		31D50ED92E55A7EC00E8FBFB /* DemoTimelineZalo.app */ = {isa = PBXFileReference; explicitFileType = wrapper.application; includeInIndex = 0; path = DemoTimelineZalo.app; sourceTree = BUILT_PRODUCTS_DIR; };
		31D50F102E55A83800E8FBFB /* AppDelegate.swift */ = {isa = PBXFileReference; lastKnownFileType = sourcecode.swift; path = AppDelegate.swift; sourceTree = "<group>"; };
		31D50F112E55A83800E8FBFB /* Assets.xcassets */ = {isa = PBXFileReference; lastKnownFileType = folder.assetcatalog; path = Assets.xcassets; sourceTree = "<group>"; };
		31D50F132E55A83800E8FBFB /* Info.plist */ = {isa = PBXFileReference; lastKnownFileType = text.plist.xml; path = Info.plist; sourceTree = "<group>"; };
		31D50F142E55A83800E8FBFB /* Base */ = {isa = PBXFileReference; lastKnownFileType = file.storyboard; name = Base; path = Base.lproj/LaunchScreen.storyboard; sourceTree = "<group>"; };
		31D50F162E55A83800E8FBFB /* SceneDelegate.swift */ = {isa = PBXFileReference; lastKnownFileType = sourcecode.swift; path = SceneDelegate.swift; sourceTree = "<group>"; };
		31D50F182E55A83800E8FBFB /* DemoTimelineZalo.xcdatamodel */ = {isa = PBXFileReference; lastKnownFileType = wrapper.xcdatamodel; path = DemoTimelineZalo.xcdatamodel; sourceTree = "<group>"; };
		31DAAAB12E570EA30073D8E4 /* CreatePostTableViewCell.swift */ = {isa = PBXFileReference; lastKnownFileType = sourcecode.swift; path = CreatePostTableViewCell.swift; sourceTree = "<group>"; };
		31DAAAB22E570EA30073D8E4 /* CreatePostTableViewCell.xib */ = {isa = PBXFileReference; lastKnownFileType = file.xib; path = CreatePostTableViewCell.xib; sourceTree = "<group>"; };
		31DAAAB52E5710100073D8E4 /* AvatarImageView.swift */ = {isa = PBXFileReference; lastKnownFileType = sourcecode.swift; path = AvatarImageView.swift; sourceTree = "<group>"; };
		4D34AD68EF885618B218E439 /* Pods_DemoTimelineZalo.framework */ = {isa = PBXFileReference; explicitFileType = wrapper.framework; includeInIndex = 0; path = Pods_DemoTimelineZalo.framework; sourceTree = BUILT_PRODUCTS_DIR; };
		51893D1463CD89840D5CBB36 /* Pods-DemoTimelineZalo.release.xcconfig */ = {isa = PBXFileReference; includeInIndex = 1; lastKnownFileType = text.xcconfig; name = "Pods-DemoTimelineZalo.release.xcconfig"; path = "Target Support Files/Pods-DemoTimelineZalo/Pods-DemoTimelineZalo.release.xcconfig"; sourceTree = "<group>"; };
		9D1B710818952D5E8716A451 /* Pods-DemoTimelineZalo.debug.xcconfig */ = {isa = PBXFileReference; includeInIndex = 1; lastKnownFileType = text.xcconfig; name = "Pods-DemoTimelineZalo.debug.xcconfig"; path = "Target Support Files/Pods-DemoTimelineZalo/Pods-DemoTimelineZalo.debug.xcconfig"; sourceTree = "<group>"; };
/* End PBXFileReference section */

/* Begin PBXFrameworksBuildPhase section */
		31D50ED62E55A7EC00E8FBFB /* Frameworks */ = {
			isa = PBXFrameworksBuildPhase;
			buildActionMask = 2147483647;
			files = (
				04D0C2DBE77D99C70EB64924 /* Pods_DemoTimelineZalo.framework in Frameworks */,
			);
			runOnlyForDeploymentPostprocessing = 0;
		};
/* End PBXFrameworksBuildPhase section */

/* Begin PBXGroup section */
		26390BD9F8CEFFDB13232894 /* Pods */ = {
			isa = PBXGroup;
			children = (
				9D1B710818952D5E8716A451 /* Pods-DemoTimelineZalo.debug.xcconfig */,
				51893D1463CD89840D5CBB36 /* Pods-DemoTimelineZalo.release.xcconfig */,
			);
			path = Pods;
			sourceTree = "<group>";
		};
		311042522E58715200C8E858 /* Videos */ = {
			isa = PBXGroup;
			children = (
				311042532E58717400C8E858 /* SampleVideo_1280x720_5mb.mp4 */,
			);
			path = Videos;
			sourceTree = "<group>";
		};
		312B4AF82E56C13400B4BEA3 /* Managers */ = {
			isa = PBXGroup;
			children = (
				312B4AF92E56C14A00B4BEA3 /* PostDataManager.swift */,
				3144990E2E5700620037CCAA /* CoreDataManager.swift */,
			);
			path = Managers;
			sourceTree = "<group>";
		};
		312B4AFB2E56C15E00B4BEA3 /* Views */ = {
			isa = PBXGroup;
			children = (
				312B4AFE2E56C19700B4BEA3 /* Shared */,
				312B4AFD2E56C17400B4BEA3 /* Components */,
			);
			path = Views;
			sourceTree = "<group>";
		};
		312B4AFD2E56C17400B4BEA3 /* Components */ = {
			isa = PBXGroup;
			children = (
				3144991B2E570AA40037CCAA /* GradientView.swift */,
				31DAAAB52E5710100073D8E4 /* AvatarImageView.swift */,
			);
			path = Components;
			sourceTree = "<group>";
		};
		312B4AFE2E56C19700B4BEA3 /* Shared */ = {
			isa = PBXGroup;
			children = (
				312B4AFF2E56C1D800B4BEA3 /* LoadingView.swift */,
			);
			path = Shared;
			sourceTree = "<group>";
		};
		312B4B032E56C1FE00B4BEA3 /* ViewControllers */ = {
			isa = PBXGroup;
			children = (
				312B4B192E56C53100B4BEA3 /* PostSearch */,
				312B4B182E56C52000B4BEA3 /* PostDetail */,
				312B4B172E56C51400B4BEA3 /* CreatePost */,
				312B4B162E56C4FA00B4BEA3 /* PostList */,
				312B4B2A2E56C7BE00B4BEA3 /* Splash */,
			);
			path = ViewControllers;
			sourceTree = "<group>";
		};
		312B4B042E56C29400B4BEA3 /* Base */ = {
			isa = PBXGroup;
			children = (
				312B4B052E56C2A400B4BEA3 /* BaseViewController.swift */,
				312B4B072E56C2AC00B4BEA3 /* BaseViewXIB.swift */,
			);
			path = Base;
			sourceTree = "<group>";
		};
		312B4B092E56C2B700B4BEA3 /* Resources */ = {
			isa = PBXGroup;
			children = (
				311042522E58715200C8E858 /* Videos */,
				312B4B0B2E56C2DA00B4BEA3 /* Fonts */,
				312B4B0A2E56C2C500B4BEA3 /* Storyboards */,
			);
			path = Resources;
			sourceTree = "<group>";
		};
		312B4B0A2E56C2C500B4BEA3 /* Storyboards */ = {
			isa = PBXGroup;
			children = (
				312B4B222E56C66000B4BEA3 /* PostList.storyboard */,
				312B4B242E56C67700B4BEA3 /* CreatePost.storyboard */,
				312B4B262E56C68400B4BEA3 /* PostDetail.storyboard */,
				312B4B282E56C6B400B4BEA3 /* PostSearch.storyboard */,
			);
			path = Storyboards;
			sourceTree = "<group>";
		};
		312B4B0B2E56C2DA00B4BEA3 /* Fonts */ = {
			isa = PBXGroup;
			children = (
				3144991A2E5704020037CCAA /* SFPro */,
			);
			path = Fonts;
			sourceTree = "<group>";
		};
		312B4B0C2E56C2E700B4BEA3 /* Helper */ = {
			isa = PBXGroup;
			children = (
				312B4B0E2E56C2FF00B4BEA3 /* Utils */,
				312B4B0D2E56C2F200B4BEA3 /* Extensions */,
			);
			path = Helper;
			sourceTree = "<group>";
		};
		312B4B0D2E56C2F200B4BEA3 /* Extensions */ = {
			isa = PBXGroup;
			children = (
				312B4B2F2E56C8F000B4BEA3 /* UIView+Extensions.swift */,
				312B4B312E56C95000B4BEA3 /* UIColor+Extensions.swift */,
				312B4B332E56C97C00B4BEA3 /* UIViewController+Extensions.swift */,
				312B4B352E56C9C000B4BEA3 /* UITableView+Extensions.swift */,
				312B4B372E56C9E400B4BEA3 /* UICollectionView+Extensions.swift */,
				312B4B392E56CA0700B4BEA3 /* Date+Extensions.swift */,
			);
			path = Extensions;
			sourceTree = "<group>";
		};
		312B4B0E2E56C2FF00B4BEA3 /* Utils */ = {
			isa = PBXGroup;
			children = (
				312B4B0F2E56C31200B4BEA3 /* AlertHelper.swift */,
				312B4B142E56C4D100B4BEA3 /* Application.swift */,
				312B4B3B2E56CD5200B4BEA3 /* Constants.swift */,
			);
			path = Utils;
			sourceTree = "<group>";
		};
		312B4B162E56C4FA00B4BEA3 /* PostList */ = {
			isa = PBXGroup;
			children = (
				31DAAAB72E5712300073D8E4 /* PostListCells */,
				312B4B1A2E56C61600B4BEA3 /* PostListViewController.swift */,
			);
			path = PostList;
			sourceTree = "<group>";
		};
		312B4B172E56C51400B4BEA3 /* CreatePost */ = {
			isa = PBXGroup;
			children = (
				312B4B1C2E56C62300B4BEA3 /* CreatePostViewController.swift */,
			);
			path = CreatePost;
			sourceTree = "<group>";
		};
		312B4B182E56C52000B4BEA3 /* PostDetail */ = {
			isa = PBXGroup;
			children = (
				312B4B1E2E56C63000B4BEA3 /* PostDetailViewController.swift */,
			);
			path = PostDetail;
			sourceTree = "<group>";
		};
		312B4B192E56C53100B4BEA3 /* PostSearch */ = {
			isa = PBXGroup;
			children = (
				312B4B202E56C63900B4BEA3 /* PostSearchViewController.swift */,
			);
			path = PostSearch;
			sourceTree = "<group>";
		};
		312B4B2A2E56C7BE00B4BEA3 /* Splash */ = {
			isa = PBXGroup;
			children = (
				312B4B2B2E56C7D000B4BEA3 /* SplashViewController.swift */,
				312B4B2C2E56C7D000B4BEA3 /* SplashViewController.xib */,
			);
			path = Splash;
			sourceTree = "<group>";
		};
		3144991A2E5704020037CCAA /* SFPro */ = {
			isa = PBXGroup;
			children = (
				314499102E5703E90037CCAA /* SFProDisplay-Bold.ttf */,
				314499112E5703E90037CCAA /* SFProDisplay-Heavy.ttf */,
				314499122E5703E90037CCAA /* SFProDisplay-Medium.ttf */,
				314499132E5703E90037CCAA /* SFProDisplay-Regular.ttf */,
				314499142E5703E90037CCAA /* SFProDisplay-Semibold.ttf */,
			);
			path = SFPro;
			sourceTree = "<group>";
		};
		319F23872E580DBA004C691E /* PostImageCell */ = {
			isa = PBXGroup;
			children = (
				319F23882E580DE8004C691E /* PostImageCollectionViewCell.swift */,
				319F23892E580DE8004C691E /* PostImageCollectionViewCell.xib */,
			);
			path = PostImageCell;
			sourceTree = "<group>";
		};
		319FAF772E571826006012FE /* PostHeaderView */ = {
			isa = PBXGroup;
			children = (
				319FAF782E571863006012FE /* PostHeaderView.swift */,
				319FAF7A2E571880006012FE /* PostHeaderView.xib */,
			);
			path = PostHeaderView;
			sourceTree = "<group>";
		};
		319FAF822E571B06006012FE /* PostContentView */ = {
			isa = PBXGroup;
			children = (
				319FAF812E571B06006012FE /* PostContentView.swift */,
				319F238C2E581B03004C691E /* PostImageLayout.swift */,
			);
			path = PostContentView;
			sourceTree = "<group>";
		};
		31D50ED02E55A7EC00E8FBFB = {
			isa = PBXGroup;
			children = (
				31D50F172E55A83800E8FBFB /* DemoTimelineZalo */,
				31D50EDA2E55A7EC00E8FBFB /* Products */,
				26390BD9F8CEFFDB13232894 /* Pods */,
				BAF888176498E0A1E282E9DB /* Frameworks */,
			);
			sourceTree = "<group>";
		};
		31D50EDA2E55A7EC00E8FBFB /* Products */ = {
			isa = PBXGroup;
			children = (
				31D50ED92E55A7EC00E8FBFB /* DemoTimelineZalo.app */,
			);
			name = Products;
			sourceTree = "<group>";
		};
		31D50F172E55A83800E8FBFB /* DemoTimelineZalo */ = {
			isa = PBXGroup;
			children = (
				312B4B032E56C1FE00B4BEA3 /* ViewControllers */,
				312B4AFB2E56C15E00B4BEA3 /* Views */,
				312B4AF82E56C13400B4BEA3 /* Managers */,
				312B4B042E56C29400B4BEA3 /* Base */,
				312B4B0C2E56C2E700B4BEA3 /* Helper */,
				312B4B092E56C2B700B4BEA3 /* Resources */,
				31D50F1F2E55A89900E8FBFB /* Delegate */,
				31D50F112E55A83800E8FBFB /* Assets.xcassets */,
				31D50F122E55A83800E8FBFB /* DemoTimelineZalo.xcdatamodeld */,
				31D50F132E55A83800E8FBFB /* Info.plist */,
				31D50F152E55A83800E8FBFB /* LaunchScreen.storyboard */,
			);
			path = DemoTimelineZalo;
			sourceTree = "<group>";
		};
		31D50F1F2E55A89900E8FBFB /* Delegate */ = {
			isa = PBXGroup;
			children = (
				31D50F102E55A83800E8FBFB /* AppDelegate.swift */,
				31D50F162E55A83800E8FBFB /* SceneDelegate.swift */,
			);
			path = Delegate;
			sourceTree = "<group>";
		};
		31DAAAB72E5712300073D8E4 /* PostListCells */ = {
			isa = PBXGroup;
			children = (
				31DAAACB2E5716680073D8E4 /* PostCell */,
				31DAAAB82E5712410073D8E4 /* CreatePostCell */,
				31DAAAB12E570EA30073D8E4 /* CreatePostTableViewCell.swift */,
				31DAAAB22E570EA30073D8E4 /* CreatePostTableViewCell.xib */,
			);
			path = PostListCells;
			sourceTree = "<group>";
		};
		31DAAAB82E5712410073D8E4 /* CreatePostCell */ = {
			isa = PBXGroup;
			children = (
				31DAAAB92E5712600073D8E4 /* PostMediaCell */,
			);
			path = CreatePostCell;
			sourceTree = "<group>";
		};
		31DAAAB92E5712600073D8E4 /* PostMediaCell */ = {
			isa = PBXGroup;
			children = (
				319F23902E5824BF004C691E /* PostMediaCollectionViewCell.swift */,
				319F23912E5824BF004C691E /* PostMediaCollectionViewCell.xib */,
			);
			path = PostMediaCell;
			sourceTree = "<group>";
		};
		31DAAACB2E5716680073D8E4 /* PostCell */ = {
			isa = PBXGroup;
			children = (
				319F23872E580DBA004C691E /* PostImageCell */,
				319FAF822E571B06006012FE /* PostContentView */,
				319FAF772E571826006012FE /* PostHeaderView */,
				319F238E2E58209B004C691E /* PostTableViewCell.swift */,
			);
			path = PostCell;
			sourceTree = "<group>";
		};
		BAF888176498E0A1E282E9DB /* Frameworks */ = {
			isa = PBXGroup;
			children = (
				4D34AD68EF885618B218E439 /* Pods_DemoTimelineZalo.framework */,
			);
			name = Frameworks;
			sourceTree = "<group>";
		};
/* End PBXGroup section */

/* Begin PBXNativeTarget section */
		31D50ED82E55A7EC00E8FBFB /* DemoTimelineZalo */ = {
			isa = PBXNativeTarget;
			buildConfigurationList = 31D50EEF2E55A7EE00E8FBFB /* Build configuration list for PBXNativeTarget "DemoTimelineZalo" */;
			buildPhases = (
				E9D8430671237358935FC340 /* [CP] Check Pods Manifest.lock */,
				31D50ED52E55A7EC00E8FBFB /* Sources */,
				31D50ED62E55A7EC00E8FBFB /* Frameworks */,
				31D50ED72E55A7EC00E8FBFB /* Resources */,
			);
			buildRules = (
			);
			dependencies = (
			);
			name = DemoTimelineZalo;
			productName = DemoTimelineZalo;
			productReference = 31D50ED92E55A7EC00E8FBFB /* DemoTimelineZalo.app */;
			productType = "com.apple.product-type.application";
		};
/* End PBXNativeTarget section */

/* Begin PBXProject section */
		31D50ED12E55A7EC00E8FBFB /* Project object */ = {
			isa = PBXProject;
			attributes = {
				BuildIndependentTargetsInParallel = 1;
				LastSwiftUpdateCheck = 1640;
				LastUpgradeCheck = 1640;
				TargetAttributes = {
					31D50ED82E55A7EC00E8FBFB = {
						CreatedOnToolsVersion = 16.4;
					};
				};
			};
			buildConfigurationList = 31D50ED42E55A7EC00E8FBFB /* Build configuration list for PBXProject "DemoTimelineZalo" */;
			developmentRegion = en;
			hasScannedForEncodings = 0;
			knownRegions = (
				en,
				Base,
			);
			mainGroup = 31D50ED02E55A7EC00E8FBFB;
			minimizedProjectReferenceProxies = 1;
			preferredProjectObjectVersion = 77;
			productRefGroup = 31D50EDA2E55A7EC00E8FBFB /* Products */;
			projectDirPath = "";
			projectRoot = "";
			targets = (
				31D50ED82E55A7EC00E8FBFB /* DemoTimelineZalo */,
			);
		};
/* End PBXProject section */

/* Begin PBXResourcesBuildPhase section */
		31D50ED72E55A7EC00E8FBFB /* Resources */ = {
			isa = PBXResourcesBuildPhase;
			buildActionMask = 2147483647;
			files = (
				314499152E5703E90037CCAA /* SFProDisplay-Medium.ttf in Resources */,
				314499162E5703E90037CCAA /* SFProDisplay-Regular.ttf in Resources */,
				311042542E58717400C8E858 /* SampleVideo_1280x720_5mb.mp4 in Resources */,
				314499172E5703E90037CCAA /* SFProDisplay-Bold.ttf in Resources */,
				314499182E5703E90037CCAA /* SFProDisplay-Semibold.ttf in Resources */,
				314499192E5703E90037CCAA /* SFProDisplay-Heavy.ttf in Resources */,
				312B4B292E56C6B400B4BEA3 /* PostSearch.storyboard in Resources */,
				31DAAAB32E570EA30073D8E4 /* CreatePostTableViewCell.xib in Resources */,
				31D50F1C2E55A83800E8FBFB /* Assets.xcassets in Resources */,
				319F238A2E580DE8004C691E /* PostImageCollectionViewCell.xib in Resources */,
				312B4B232E56C66000B4BEA3 /* PostList.storyboard in Resources */,
				312B4B2D2E56C7D000B4BEA3 /* SplashViewController.xib in Resources */,
				312B4B252E56C67700B4BEA3 /* CreatePost.storyboard in Resources */,
				31D50F1E2E55A83800E8FBFB /* LaunchScreen.storyboard in Resources */,
				319F23922E5824BF004C691E /* PostMediaCollectionViewCell.xib in Resources */,
				319FAF7B2E571880006012FE /* PostHeaderView.xib in Resources */,
				312B4B272E56C68400B4BEA3 /* PostDetail.storyboard in Resources */,
			);
			runOnlyForDeploymentPostprocessing = 0;
		};
/* End PBXResourcesBuildPhase section */

/* Begin PBXShellScriptBuildPhase section */
		E9D8430671237358935FC340 /* [CP] Check Pods Manifest.lock */ = {
			isa = PBXShellScriptBuildPhase;
			buildActionMask = 2147483647;
			files = (
			);
			inputFileListPaths = (
			);
			inputPaths = (
				"${PODS_PODFILE_DIR_PATH}/Podfile.lock",
				"${PODS_ROOT}/Manifest.lock",
			);
			name = "[CP] Check Pods Manifest.lock";
			outputFileListPaths = (
			);
			outputPaths = (
				"$(DERIVED_FILE_DIR)/Pods-DemoTimelineZalo-checkManifestLockResult.txt",
			);
			runOnlyForDeploymentPostprocessing = 0;
			shellPath = /bin/sh;
			shellScript = "diff \"${PODS_PODFILE_DIR_PATH}/Podfile.lock\" \"${PODS_ROOT}/Manifest.lock\" > /dev/null\nif [ $? != 0 ] ; then\n    # print error to STDERR\n    echo \"error: The sandbox is not in sync with the Podfile.lock. Run 'pod install' or update your CocoaPods installation.\" >&2\n    exit 1\nfi\n# This output is used by Xcode 'outputs' to avoid re-running this script phase.\necho \"SUCCESS\" > \"${SCRIPT_OUTPUT_FILE_0}\"\n";
			showEnvVarsInLog = 0;
		};
/* End PBXShellScriptBuildPhase section */

/* Begin PBXSourcesBuildPhase section */
		31D50ED52E55A7EC00E8FBFB /* Sources */ = {
			isa = PBXSourcesBuildPhase;
			buildActionMask = 2147483647;
			files = (
				319F23932E5824BF004C691E /* PostMediaCollectionViewCell.swift in Sources */,
				312B4B342E56C97C00B4BEA3 /* UIViewController+Extensions.swift in Sources */,
				312B4B302E56C8F000B4BEA3 /* UIView+Extensions.swift in Sources */,
				319F238F2E58209B004C691E /* PostTableViewCell.swift in Sources */,
				312B4B152E56C4D100B4BEA3 /* Application.swift in Sources */,
				319FAF832E571B06006012FE /* PostContentView.swift in Sources */,
				31DAAAB42E570EA30073D8E4 /* CreatePostTableViewCell.swift in Sources */,
				312B4B3A2E56CA0700B4BEA3 /* Date+Extensions.swift in Sources */,
				319FAF792E571863006012FE /* PostHeaderView.swift in Sources */,
				312B4B362E56C9C000B4BEA3 /* UITableView+Extensions.swift in Sources */,
				31D50F192E55A83800E8FBFB /* AppDelegate.swift in Sources */,
				312B4B082E56C2AC00B4BEA3 /* BaseViewXIB.swift in Sources */,
				319F238D2E581B03004C691E /* PostImageLayout.swift in Sources */,
				319F238B2E580DE8004C691E /* PostImageCollectionViewCell.swift in Sources */,
				312B4B102E56C31200B4BEA3 /* AlertHelper.swift in Sources */,
				312B4B1D2E56C62300B4BEA3 /* CreatePostViewController.swift in Sources */,
				312B4B002E56C1D800B4BEA3 /* LoadingView.swift in Sources */,
				31DAAAB62E5710100073D8E4 /* AvatarImageView.swift in Sources */,
				312B4B382E56C9E400B4BEA3 /* UICollectionView+Extensions.swift in Sources */,
				312B4B1B2E56C61600B4BEA3 /* PostListViewController.swift in Sources */,
				312B4B062E56C2A400B4BEA3 /* BaseViewController.swift in Sources */,
				3144991C2E570AA40037CCAA /* GradientView.swift in Sources */,
				312B4AFA2E56C14A00B4BEA3 /* PostDataManager.swift in Sources */,
				312B4B1F2E56C63000B4BEA3 /* PostDetailViewController.swift in Sources */,
				31D50F1A2E55A83800E8FBFB /* DemoTimelineZalo.xcdatamodeld in Sources */,
				31D50F1B2E55A83800E8FBFB /* SceneDelegate.swift in Sources */,
				312B4B212E56C63900B4BEA3 /* PostSearchViewController.swift in Sources */,
				312B4B322E56C95000B4BEA3 /* UIColor+Extensions.swift in Sources */,
				312B4B2E2E56C7D000B4BEA3 /* SplashViewController.swift in Sources */,
				3144990F2E5700620037CCAA /* CoreDataManager.swift in Sources */,
				312B4B3C2E56CD5200B4BEA3 /* Constants.swift in Sources */,
			);
			runOnlyForDeploymentPostprocessing = 0;
		};
/* End PBXSourcesBuildPhase section */

/* Begin PBXVariantGroup section */
		31D50F152E55A83800E8FBFB /* LaunchScreen.storyboard */ = {
			isa = PBXVariantGroup;
			children = (
				31D50F142E55A83800E8FBFB /* Base */,
			);
			name = LaunchScreen.storyboard;
			sourceTree = "<group>";
		};
/* End PBXVariantGroup section */

/* Begin XCBuildConfiguration section */
		31D50EF02E55A7EE00E8FBFB /* Debug */ = {
			isa = XCBuildConfiguration;
			baseConfigurationReference = 9D1B710818952D5E8716A451 /* Pods-DemoTimelineZalo.debug.xcconfig */;
			buildSettings = {
				ASSETCATALOG_COMPILER_APPICON_NAME = AppIcon;
				ASSETCATALOG_COMPILER_GLOBAL_ACCENT_COLOR_NAME = AccentColor;
				CODE_SIGN_STYLE = Automatic;
				CURRENT_PROJECT_VERSION = 1;
				DEVELOPMENT_TEAM = H55BHVY789;
				GENERATE_INFOPLIST_FILE = YES;
				INFOPLIST_FILE = DemoTimelineZalo/Info.plist;
				INFOPLIST_KEY_UIApplicationSupportsIndirectInputEvents = YES;
				INFOPLIST_KEY_UILaunchStoryboardName = LaunchScreen;
				INFOPLIST_KEY_UIRequiresFullScreen = YES;
				INFOPLIST_KEY_UISupportedInterfaceOrientations = UIInterfaceOrientationPortrait;
				INFOPLIST_KEY_UIUserInterfaceStyle = Light;
				IPHONEOS_DEPLOYMENT_TARGET = 15.6;
				LD_RUNPATH_SEARCH_PATHS = (
					"$(inherited)",
					"@executable_path/Frameworks",
				);
				MARKETING_VERSION = 1.0;
				PRODUCT_BUNDLE_IDENTIFIER = com.DemoTimelineZalo;
				PRODUCT_NAME = "$(TARGET_NAME)";
				SWIFT_EMIT_LOC_STRINGS = YES;
				SWIFT_VERSION = 5.0;
				TARGETED_DEVICE_FAMILY = "1,2";
			};
			name = Debug;
		};
		31D50EF12E55A7EE00E8FBFB /* Release */ = {
			isa = XCBuildConfiguration;
			baseConfigurationReference = 51893D1463CD89840D5CBB36 /* Pods-DemoTimelineZalo.release.xcconfig */;
			buildSettings = {
				ASSETCATALOG_COMPILER_APPICON_NAME = AppIcon;
				ASSETCATALOG_COMPILER_GLOBAL_ACCENT_COLOR_NAME = AccentColor;
				CODE_SIGN_STYLE = Automatic;
				CURRENT_PROJECT_VERSION = 1;
				DEVELOPMENT_TEAM = H55BHVY789;
				GENERATE_INFOPLIST_FILE = YES;
				INFOPLIST_FILE = DemoTimelineZalo/Info.plist;
				INFOPLIST_KEY_UIApplicationSupportsIndirectInputEvents = YES;
				INFOPLIST_KEY_UILaunchStoryboardName = LaunchScreen;
				INFOPLIST_KEY_UIRequiresFullScreen = YES;
				INFOPLIST_KEY_UISupportedInterfaceOrientations = UIInterfaceOrientationPortrait;
				INFOPLIST_KEY_UIUserInterfaceStyle = Light;
				IPHONEOS_DEPLOYMENT_TARGET = 15.6;
				LD_RUNPATH_SEARCH_PATHS = (
					"$(inherited)",
					"@executable_path/Frameworks",
				);
				MARKETING_VERSION = 1.0;
				PRODUCT_BUNDLE_IDENTIFIER = com.DemoTimelineZalo;
				PRODUCT_NAME = "$(TARGET_NAME)";
				SWIFT_EMIT_LOC_STRINGS = YES;
				SWIFT_VERSION = 5.0;
				TARGETED_DEVICE_FAMILY = "1,2";
			};
			name = Release;
		};
		31D50EF22E55A7EE00E8FBFB /* Debug */ = {
			isa = XCBuildConfiguration;
			buildSettings = {
				ALWAYS_SEARCH_USER_PATHS = NO;
				ASSETCATALOG_COMPILER_GENERATE_SWIFT_ASSET_SYMBOL_EXTENSIONS = YES;
				CLANG_ANALYZER_NONNULL = YES;
				CLANG_ANALYZER_NUMBER_OBJECT_CONVERSION = YES_AGGRESSIVE;
				CLANG_CXX_LANGUAGE_STANDARD = "gnu++20";
				CLANG_ENABLE_MODULES = YES;
				CLANG_ENABLE_OBJC_ARC = YES;
				CLANG_ENABLE_OBJC_WEAK = YES;
				CLANG_WARN_BLOCK_CAPTURE_AUTORELEASING = YES;
				CLANG_WARN_BOOL_CONVERSION = YES;
				CLANG_WARN_COMMA = YES;
				CLANG_WARN_CONSTANT_CONVERSION = YES;
				CLANG_WARN_DEPRECATED_OBJC_IMPLEMENTATIONS = YES;
				CLANG_WARN_DIRECT_OBJC_ISA_USAGE = YES_ERROR;
				CLANG_WARN_DOCUMENTATION_COMMENTS = YES;
				CLANG_WARN_EMPTY_BODY = YES;
				CLANG_WARN_ENUM_CONVERSION = YES;
				CLANG_WARN_INFINITE_RECURSION = YES;
				CLANG_WARN_INT_CONVERSION = YES;
				CLANG_WARN_NON_LITERAL_NULL_CONVERSION = YES;
				CLANG_WARN_OBJC_IMPLICIT_RETAIN_SELF = YES;
				CLANG_WARN_OBJC_LITERAL_CONVERSION = YES;
				CLANG_WARN_OBJC_ROOT_CLASS = YES_ERROR;
				CLANG_WARN_QUOTED_INCLUDE_IN_FRAMEWORK_HEADER = YES;
				CLANG_WARN_RANGE_LOOP_ANALYSIS = YES;
				CLANG_WARN_STRICT_PROTOTYPES = YES;
				CLANG_WARN_SUSPICIOUS_MOVE = YES;
				CLANG_WARN_UNGUARDED_AVAILABILITY = YES_AGGRESSIVE;
				CLANG_WARN_UNREACHABLE_CODE = YES;
				CLANG_WARN__DUPLICATE_METHOD_MATCH = YES;
				COPY_PHASE_STRIP = NO;
				DEBUG_INFORMATION_FORMAT = dwarf;
				ENABLE_STRICT_OBJC_MSGSEND = YES;
				ENABLE_TESTABILITY = YES;
				ENABLE_USER_SCRIPT_SANDBOXING = YES;
				GCC_C_LANGUAGE_STANDARD = gnu17;
				GCC_DYNAMIC_NO_PIC = NO;
				GCC_NO_COMMON_BLOCKS = YES;
				GCC_OPTIMIZATION_LEVEL = 0;
				GCC_PREPROCESSOR_DEFINITIONS = (
					"DEBUG=1",
					"$(inherited)",
				);
				GCC_WARN_64_TO_32_BIT_CONVERSION = YES;
				GCC_WARN_ABOUT_RETURN_TYPE = YES_ERROR;
				GCC_WARN_UNDECLARED_SELECTOR = YES;
				GCC_WARN_UNINITIALIZED_AUTOS = YES_AGGRESSIVE;
				GCC_WARN_UNUSED_FUNCTION = YES;
				GCC_WARN_UNUSED_VARIABLE = YES;
				IPHONEOS_DEPLOYMENT_TARGET = 18.5;
				LOCALIZATION_PREFERS_STRING_CATALOGS = YES;
				MTL_ENABLE_DEBUG_INFO = INCLUDE_SOURCE;
				MTL_FAST_MATH = YES;
				ONLY_ACTIVE_ARCH = YES;
				SDKROOT = iphoneos;
				SWIFT_ACTIVE_COMPILATION_CONDITIONS = "DEBUG $(inherited)";
				SWIFT_OPTIMIZATION_LEVEL = "-Onone";
			};
			name = Debug;
		};
		31D50EF32E55A7EE00E8FBFB /* Release */ = {
			isa = XCBuildConfiguration;
			buildSettings = {
				ALWAYS_SEARCH_USER_PATHS = NO;
				ASSETCATALOG_COMPILER_GENERATE_SWIFT_ASSET_SYMBOL_EXTENSIONS = YES;
				CLANG_ANALYZER_NONNULL = YES;
				CLANG_ANALYZER_NUMBER_OBJECT_CONVERSION = YES_AGGRESSIVE;
				CLANG_CXX_LANGUAGE_STANDARD = "gnu++20";
				CLANG_ENABLE_MODULES = YES;
				CLANG_ENABLE_OBJC_ARC = YES;
				CLANG_ENABLE_OBJC_WEAK = YES;
				CLANG_WARN_BLOCK_CAPTURE_AUTORELEASING = YES;
				CLANG_WARN_BOOL_CONVERSION = YES;
				CLANG_WARN_COMMA = YES;
				CLANG_WARN_CONSTANT_CONVERSION = YES;
				CLANG_WARN_DEPRECATED_OBJC_IMPLEMENTATIONS = YES;
				CLANG_WARN_DIRECT_OBJC_ISA_USAGE = YES_ERROR;
				CLANG_WARN_DOCUMENTATION_COMMENTS = YES;
				CLANG_WARN_EMPTY_BODY = YES;
				CLANG_WARN_ENUM_CONVERSION = YES;
				CLANG_WARN_INFINITE_RECURSION = YES;
				CLANG_WARN_INT_CONVERSION = YES;
				CLANG_WARN_NON_LITERAL_NULL_CONVERSION = YES;
				CLANG_WARN_OBJC_IMPLICIT_RETAIN_SELF = YES;
				CLANG_WARN_OBJC_LITERAL_CONVERSION = YES;
				CLANG_WARN_OBJC_ROOT_CLASS = YES_ERROR;
				CLANG_WARN_QUOTED_INCLUDE_IN_FRAMEWORK_HEADER = YES;
				CLANG_WARN_RANGE_LOOP_ANALYSIS = YES;
				CLANG_WARN_STRICT_PROTOTYPES = YES;
				CLANG_WARN_SUSPICIOUS_MOVE = YES;
				CLANG_WARN_UNGUARDED_AVAILABILITY = YES_AGGRESSIVE;
				CLANG_WARN_UNREACHABLE_CODE = YES;
				CLANG_WARN__DUPLICATE_METHOD_MATCH = YES;
				COPY_PHASE_STRIP = NO;
				DEBUG_INFORMATION_FORMAT = "dwarf-with-dsym";
				ENABLE_NS_ASSERTIONS = NO;
				ENABLE_STRICT_OBJC_MSGSEND = YES;
				ENABLE_USER_SCRIPT_SANDBOXING = YES;
				GCC_C_LANGUAGE_STANDARD = gnu17;
				GCC_NO_COMMON_BLOCKS = YES;
				GCC_WARN_64_TO_32_BIT_CONVERSION = YES;
				GCC_WARN_ABOUT_RETURN_TYPE = YES_ERROR;
				GCC_WARN_UNDECLARED_SELECTOR = YES;
				GCC_WARN_UNINITIALIZED_AUTOS = YES_AGGRESSIVE;
				GCC_WARN_UNUSED_FUNCTION = YES;
				GCC_WARN_UNUSED_VARIABLE = YES;
				IPHONEOS_DEPLOYMENT_TARGET = 18.5;
				LOCALIZATION_PREFERS_STRING_CATALOGS = YES;
				MTL_ENABLE_DEBUG_INFO = NO;
				MTL_FAST_MATH = YES;
				SDKROOT = iphoneos;
				SWIFT_COMPILATION_MODE = wholemodule;
				VALIDATE_PRODUCT = YES;
			};
			name = Release;
		};
/* End XCBuildConfiguration section */

/* Begin XCConfigurationList section */
		31D50ED42E55A7EC00E8FBFB /* Build configuration list for PBXProject "DemoTimelineZalo" */ = {
			isa = XCConfigurationList;
			buildConfigurations = (
				31D50EF22E55A7EE00E8FBFB /* Debug */,
				31D50EF32E55A7EE00E8FBFB /* Release */,
			);
			defaultConfigurationIsVisible = 0;
			defaultConfigurationName = Release;
		};
		31D50EEF2E55A7EE00E8FBFB /* Build configuration list for PBXNativeTarget "DemoTimelineZalo" */ = {
			isa = XCConfigurationList;
			buildConfigurations = (
				31D50EF02E55A7EE00E8FBFB /* Debug */,
				31D50EF12E55A7EE00E8FBFB /* Release */,
			);
			defaultConfigurationIsVisible = 0;
			defaultConfigurationName = Release;
		};
/* End XCConfigurationList section */

/* Begin XCVersionGroup section */
		31D50F122E55A83800E8FBFB /* DemoTimelineZalo.xcdatamodeld */ = {
			isa = XCVersionGroup;
			children = (
				31D50F182E55A83800E8FBFB /* DemoTimelineZalo.xcdatamodel */,
			);
			currentVersion = 31D50F182E55A83800E8FBFB /* DemoTimelineZalo.xcdatamodel */;
			path = DemoTimelineZalo.xcdatamodeld;
			sourceTree = "<group>";
			versionGroupType = wrapper.xcdatamodel;
		};
/* End XCVersionGroup section */
	};
	rootObject = 31D50ED12E55A7EC00E8FBFB /* Project object */;
}
